
Microsoft Visual Studio Solution File, Format Version 12.00
# Visual Studio Version 17
VisualStudioVersion = 17.11.35222.181
MinimumVisualStudioVersion = 10.0.40219.1
Project("{8BC9CEB8-8B4A-11D0-8D11-00A0C91BC942}") = "home_work_2.7.2", "home_work_2.7.2\home_work_2.7.2.vcxproj", "{F96AE098-219E-4B2C-BA94-AA9921024CA0}"
EndProject
Global
	GlobalSection(SolutionConfigurationPlatforms) = preSolution
		Debug|x64 = Debug|x64
		Debug|x86 = Debug|x86
		Release|x64 = Release|x64
		Release|x86 = Release|x86
	EndGlobalSection
	GlobalSection(ProjectConfigurationPlatforms) = postSolution
		{F96AE098-219E-4B2C-BA94-AA9921024CA0}.Debug|x64.ActiveCfg = Debug|x64
		{F96AE098-219E-4B2C-BA94-AA9921024CA0}.Debug|x64.Build.0 = Debug|x64
		{F96AE098-219E-4B2C-BA94-AA9921024CA0}.Debug|x86.ActiveCfg = Debug|Win32
		{F96AE098-219E-4B2C-BA94-AA9921024CA0}.Debug|x86.Build.0 = Debug|Win32
		{F96AE098-219E-4B2C-BA94-AA9921024CA0}.Release|x64.ActiveCfg = Release|x64
		{F96AE098-219E-4B2C-BA94-AA9921024CA0}.Release|x64.Build.0 = Release|x64
		{F96AE098-219E-4B2C-BA94-AA9921024CA0}.Release|x86.ActiveCfg = Release|Win32
		{F96AE098-219E-4B2C-BA94-AA9921024CA0}.Release|x86.Build.0 = Release|Win32
	EndGlobalSection
	GlobalSection(SolutionProperties) = preSolution
		HideSolutionNode = FALSE
	EndGlobalSection
	GlobalSection(ExtensibilityGlobals) = postSolution
		SolutionGuid = {7DCA9075-3928-4D17-9F19-4604E731DC5D}
	EndGlobalSection
EndGlobal
