
Microsoft Visual Studio Solution File, Format Version 12.00
# Visual Studio Version 17
VisualStudioVersion = 17.11.35222.181
MinimumVisualStudioVersion = 10.0.40219.1
Project("{8BC9CEB8-8B4A-11D0-8D11-00A0C91BC942}") = "lesson_2.7", "lesson_2.7\lesson_2.7.vcxproj", "{ADC3EE68-0268-4BD3-8B3E-0ABB9D9FC74A}"
EndProject
Global
	GlobalSection(SolutionConfigurationPlatforms) = preSolution
		Debug|x64 = Debug|x64
		Debug|x86 = Debug|x86
		Release|x64 = Release|x64
		Release|x86 = Release|x86
	EndGlobalSection
	GlobalSection(ProjectConfigurationPlatforms) = postSolution
		{ADC3EE68-0268-4BD3-8B3E-0ABB9D9FC74A}.Debug|x64.ActiveCfg = Debug|x64
		{ADC3EE68-0268-4BD3-8B3E-0ABB9D9FC74A}.Debug|x64.Build.0 = Debug|x64
		{ADC3EE68-0268-4BD3-8B3E-0ABB9D9FC74A}.Debug|x86.ActiveCfg = Debug|Win32
		{ADC3EE68-0268-4BD3-8B3E-0ABB9D9FC74A}.Debug|x86.Build.0 = Debug|Win32
		{ADC3EE68-0268-4BD3-8B3E-0ABB9D9FC74A}.Release|x64.ActiveCfg = Release|x64
		{ADC3EE68-0268-4BD3-8B3E-0ABB9D9FC74A}.Release|x64.Build.0 = Release|x64
		{ADC3EE68-0268-4BD3-8B3E-0ABB9D9FC74A}.Release|x86.ActiveCfg = Release|Win32
		{ADC3EE68-0268-4BD3-8B3E-0ABB9D9FC74A}.Release|x86.Build.0 = Release|Win32
	EndGlobalSection
	GlobalSection(SolutionProperties) = preSolution
		HideSolutionNode = FALSE
	EndGlobalSection
	GlobalSection(ExtensibilityGlobals) = postSolution
		SolutionGuid = {69AD45C4-1AE4-46D9-A884-F07C3D2162AC}
	EndGlobalSection
EndGlobal
