
Microsoft Visual Studio Solution File, Format Version 12.00
# Visual Studio Version 17
VisualStudioVersion = 17.11.35222.181
MinimumVisualStudioVersion = 10.0.40219.1
Project("{8BC9CEB8-8B4A-11D0-8D11-00A0C91BC942}") = "lecture_2.2", "lecture_2.2\lecture_2.2.vcxproj", "{EE9A040C-4D8D-43AC-B10F-F09475013063}"
EndProject
Global
	GlobalSection(SolutionConfigurationPlatforms) = preSolution
		Debug|x64 = Debug|x64
		Debug|x86 = Debug|x86
		Release|x64 = Release|x64
		Release|x86 = Release|x86
	EndGlobalSection
	GlobalSection(ProjectConfigurationPlatforms) = postSolution
		{EE9A040C-4D8D-43AC-B10F-F09475013063}.Debug|x64.ActiveCfg = Debug|x64
		{EE9A040C-4D8D-43AC-B10F-F09475013063}.Debug|x64.Build.0 = Debug|x64
		{EE9A040C-4D8D-43AC-B10F-F09475013063}.Debug|x86.ActiveCfg = Debug|Win32
		{EE9A040C-4D8D-43AC-B10F-F09475013063}.Debug|x86.Build.0 = Debug|Win32
		{EE9A040C-4D8D-43AC-B10F-F09475013063}.Release|x64.ActiveCfg = Release|x64
		{EE9A040C-4D8D-43AC-B10F-F09475013063}.Release|x64.Build.0 = Release|x64
		{EE9A040C-4D8D-43AC-B10F-F09475013063}.Release|x86.ActiveCfg = Release|Win32
		{EE9A040C-4D8D-43AC-B10F-F09475013063}.Release|x86.Build.0 = Release|Win32
	EndGlobalSection
	GlobalSection(SolutionProperties) = preSolution
		HideSolutionNode = FALSE
	EndGlobalSection
	GlobalSection(ExtensibilityGlobals) = postSolution
		SolutionGuid = {87BF3EE2-6D97-48BD-8320-18A1A4B03E81}
	EndGlobalSection
EndGlobal
